
Microsoft Visual Studio Solution File, Format Version 12.00
# Visual Studio Version 17
VisualStudioVersion = 17.13.35931.197 d17.13
MinimumVisualStudioVersion = 10.0.40219.1
Project("{FAE04EC0-301F-11D3-BF4B-00C04F79EFBC}") = "DemoCRUDStudent", "DemoCRUDStudent\DemoCRUDStudent.csproj", "{AF10A273-3AB3-42CC-BF98-0EE2626CC8C8}"
EndProject
Global
	GlobalSection(SolutionConfigurationPlatforms) = preSolution
		Debug|Any CPU = Debug|Any CPU
		Release|Any CPU = Release|Any CPU
	EndGlobalSection
	GlobalSection(ProjectConfigurationPlatforms) = postSolution
		{AF10A273-3AB3-42CC-BF98-0EE2626CC8C8}.Debug|Any CPU.ActiveCfg = Debug|Any CPU
		{AF10A273-3AB3-42CC-BF98-0EE2626CC8C8}.Debug|Any CPU.Build.0 = Debug|Any CPU
		{AF10A273-3AB3-42CC-BF98-0EE2626CC8C8}.Release|Any CPU.ActiveCfg = Release|Any CPU
		{AF10A273-3AB3-42CC-BF98-0EE2626CC8C8}.Release|Any CPU.Build.0 = Release|Any CPU
	EndGlobalSection
	GlobalSection(SolutionProperties) = preSolution
		HideSolutionNode = FALSE
	EndGlobalSection
	GlobalSection(ExtensibilityGlobals) = postSolution
		SolutionGuid = {AC53C465-F9DA-42A3-969C-32722E3DBE2B}
	EndGlobalSection
EndGlobal
